
Microsoft Visual Studio Solution File, Format Version 12.00
# Visual Studio Version 17
VisualStudioVersion = 17.5.33530.505
MinimumVisualStudioVersion = 10.0.40219.1
Project("{9A19103F-16F7-4668-BE54-9A1E7A4F7556}") = "RevitPlugin", "RevitPlugin\RevitPlugin.csproj", "{BD89059F-AC12-4CFE-AC34-63EB65914598}"
EndProject
Global
	GlobalSection(SolutionConfigurationPlatforms) = preSolution
		Debug|Any CPU = Debug|Any CPU
		Debug|x64 = Debug|x64
		Release|Any CPU = Release|Any CPU
		Release|x64 = Release|x64
	EndGlobalSection
	GlobalSection(ProjectConfigurationPlatforms) = postSolution
		{BD89059F-AC12-4CFE-AC34-63EB65914598}.Debug|Any CPU.ActiveCfg = Debug|Any CPU
		{BD89059F-AC12-4CFE-AC34-63EB65914598}.Debug|Any CPU.Build.0 = Debug|Any CPU
		{BD89059F-AC12-4CFE-AC34-63EB65914598}.Debug|x64.ActiveCfg = Release|x64
		{BD89059F-AC12-4CFE-AC34-63EB65914598}.Debug|x64.Build.0 = Release|x64
		{BD89059F-AC12-4CFE-AC34-63EB65914598}.Release|Any CPU.ActiveCfg = Release|Any CPU
		{BD89059F-AC12-4CFE-AC34-63EB65914598}.Release|Any CPU.Build.0 = Release|Any CPU
		{BD89059F-AC12-4CFE-AC34-63EB65914598}.Release|x64.ActiveCfg = Debug|x64
		{BD89059F-AC12-4CFE-AC34-63EB65914598}.Release|x64.Build.0 = Debug|x64
	EndGlobalSection
	GlobalSection(SolutionProperties) = preSolution
		HideSolutionNode = FALSE
	EndGlobalSection
	GlobalSection(ExtensibilityGlobals) = postSolution
		SolutionGuid = {E2A7BBA3-95D3-45E7-8CCD-95F274297DF6}
	EndGlobalSection
EndGlobal
